
Microsoft Visual Studio Solution File, Format Version 12.00
# Visual Studio Version 17
VisualStudioVersion = 17.8.34330.188
MinimumVisualStudioVersion = 10.0.40219.1
Project("{8BC9CEB8-8B4A-11D0-8D11-00A0C91BC942}") = "Project1", "Project1\Project1.vcxproj", "{62E8407F-609F-4BEF-ADA4-935B3E40E14B}"
EndProject
Global
	GlobalSection(SolutionConfigurationPlatforms) = preSolution
		Debug|x64 = Debug|x64
		Debug|x86 = Debug|x86
		Release|x64 = Release|x64
		Release|x86 = Release|x86
	EndGlobalSection
	GlobalSection(ProjectConfigurationPlatforms) = postSolution
		{62E8407F-609F-4BEF-ADA4-935B3E40E14B}.Debug|x64.ActiveCfg = Debug|x64
		{62E8407F-609F-4BEF-ADA4-935B3E40E14B}.Debug|x64.Build.0 = Debug|x64
		{62E8407F-609F-4BEF-ADA4-935B3E40E14B}.Debug|x86.ActiveCfg = Debug|Win32
		{62E8407F-609F-4BEF-ADA4-935B3E40E14B}.Debug|x86.Build.0 = Debug|Win32
		{62E8407F-609F-4BEF-ADA4-935B3E40E14B}.Release|x64.ActiveCfg = Release|x64
		{62E8407F-609F-4BEF-ADA4-935B3E40E14B}.Release|x64.Build.0 = Release|x64
		{62E8407F-609F-4BEF-ADA4-935B3E40E14B}.Release|x86.ActiveCfg = Release|Win32
		{62E8407F-609F-4BEF-ADA4-935B3E40E14B}.Release|x86.Build.0 = Release|Win32
	EndGlobalSection
	GlobalSection(SolutionProperties) = preSolution
		HideSolutionNode = FALSE
	EndGlobalSection
	GlobalSection(ExtensibilityGlobals) = postSolution
		SolutionGuid = {2F976CD9-C180-4058-86B7-6EE7198B26A8}
	EndGlobalSection
EndGlobal
