
Microsoft Visual Studio Solution File, Format Version 12.00
# Visual Studio Version 17
VisualStudioVersion = 17.8.34330.188
MinimumVisualStudioVersion = 10.0.40219.1
Project("{9A19103F-16F7-4668-BE54-9A1E7A4F7556}") = "Stage0", "Stage0\Stage0.csproj", "{A4C00C1C-6C5C-482C-9C5A-40CC9DF88ECD}"
EndProject
Project("{2150E333-8FDC-42A3-9474-1A3956D46DE8}") = "Solution Items", "Solution Items", "{AC370E9F-E76E-4F45-8C77-81DE4CD65D1E}"
	ProjectSection(SolutionItems) = preProject
		README.md = README.md
	EndProjectSection
EndProject
Project("{9A19103F-16F7-4668-BE54-9A1E7A4F7556}") = "DalFacade", "DalFacade\DalFacade.csproj", "{EAE6214F-19D6-4F64-8803-3B96916A26FF}"
EndProject
Project("{9A19103F-16F7-4668-BE54-9A1E7A4F7556}") = "DalList", "DalList\DalList.csproj", "{EF8941EF-DF13-46AA-9C73-EBA741358198}"
EndProject
Project("{9A19103F-16F7-4668-BE54-9A1E7A4F7556}") = "DalTest", "DalTest\DalTest.csproj", "{42612FFE-5AF4-4477-A2AD-1F2D422ED4DE}"
EndProject
Project("{9A19103F-16F7-4668-BE54-9A1E7A4F7556}") = "DalXml", "DalXml\DalXml.csproj", "{2012996B-E282-48AF-97D6-3E5DB27586D5}"
EndProject
Project("{2150E333-8FDC-42A3-9474-1A3956D46DE8}") = "xml", "xml", "{15AAA96A-3C98-48FF-AD51-C3CD79F0DAC2}"
	ProjectSection(SolutionItems) = preProject
		xml\dal-config.xml = xml\dal-config.xml
		xml\data-config.xml = xml\data-config.xml
		xml\dependencys.xml = xml\dependencys.xml
		xml\engineers.xml = xml\engineers.xml
		xml\tasks.xml = xml\tasks.xml
	EndProjectSection
EndProject
Global
	GlobalSection(SolutionConfigurationPlatforms) = preSolution
		Debug|Any CPU = Debug|Any CPU
		Release|Any CPU = Release|Any CPU
	EndGlobalSection
	GlobalSection(ProjectConfigurationPlatforms) = postSolution
		{A4C00C1C-6C5C-482C-9C5A-40CC9DF88ECD}.Debug|Any CPU.ActiveCfg = Debug|Any CPU
		{A4C00C1C-6C5C-482C-9C5A-40CC9DF88ECD}.Debug|Any CPU.Build.0 = Debug|Any CPU
		{A4C00C1C-6C5C-482C-9C5A-40CC9DF88ECD}.Release|Any CPU.ActiveCfg = Release|Any CPU
		{A4C00C1C-6C5C-482C-9C5A-40CC9DF88ECD}.Release|Any CPU.Build.0 = Release|Any CPU
		{EAE6214F-19D6-4F64-8803-3B96916A26FF}.Debug|Any CPU.ActiveCfg = Debug|Any CPU
		{EAE6214F-19D6-4F64-8803-3B96916A26FF}.Debug|Any CPU.Build.0 = Debug|Any CPU
		{EAE6214F-19D6-4F64-8803-3B96916A26FF}.Release|Any CPU.ActiveCfg = Release|Any CPU
		{EAE6214F-19D6-4F64-8803-3B96916A26FF}.Release|Any CPU.Build.0 = Release|Any CPU
		{EF8941EF-DF13-46AA-9C73-EBA741358198}.Debug|Any CPU.ActiveCfg = Debug|Any CPU
		{EF8941EF-DF13-46AA-9C73-EBA741358198}.Debug|Any CPU.Build.0 = Debug|Any CPU
		{EF8941EF-DF13-46AA-9C73-EBA741358198}.Release|Any CPU.ActiveCfg = Release|Any CPU
		{EF8941EF-DF13-46AA-9C73-EBA741358198}.Release|Any CPU.Build.0 = Release|Any CPU
		{42612FFE-5AF4-4477-A2AD-1F2D422ED4DE}.Debug|Any CPU.ActiveCfg = Debug|Any CPU
		{42612FFE-5AF4-4477-A2AD-1F2D422ED4DE}.Debug|Any CPU.Build.0 = Debug|Any CPU
		{42612FFE-5AF4-4477-A2AD-1F2D422ED4DE}.Release|Any CPU.ActiveCfg = Release|Any CPU
		{42612FFE-5AF4-4477-A2AD-1F2D422ED4DE}.Release|Any CPU.Build.0 = Release|Any CPU
		{2012996B-E282-48AF-97D6-3E5DB27586D5}.Debug|Any CPU.ActiveCfg = Debug|Any CPU
		{2012996B-E282-48AF-97D6-3E5DB27586D5}.Debug|Any CPU.Build.0 = Debug|Any CPU
		{2012996B-E282-48AF-97D6-3E5DB27586D5}.Release|Any CPU.ActiveCfg = Release|Any CPU
		{2012996B-E282-48AF-97D6-3E5DB27586D5}.Release|Any CPU.Build.0 = Release|Any CPU
	EndGlobalSection
	GlobalSection(SolutionProperties) = preSolution
		HideSolutionNode = FALSE
	EndGlobalSection
	GlobalSection(ExtensibilityGlobals) = postSolution
		SolutionGuid = {7386B6DB-CEE9-4EB1-866B-30B7553C566D}
	EndGlobalSection
EndGlobal
